# THIS IS AN AUTOGENERATED FILE. DO NOT EDIT THIS FILE DIRECTLY.
# yarn lockfile v1


"@hapi/hoek@^9.0.0":
  version "9.2.0"
  resolved "https://registry.npmjs.org/@hapi/hoek/-/hoek-9.2.0.tgz"

"@hapi/topo@^5.0.0":
  version "5.0.0"
  resolved "https://registry.npmjs.org/@hapi/topo/-/topo-5.0.0.tgz"
  dependencies:
    "@hapi/hoek" "^9.0.0"

"@sideway/address@^4.1.0":
  version "4.1.2"
  resolved "https://registry.npmjs.org/@sideway/address/-/address-4.1.2.tgz"
  dependencies:
    "@hapi/hoek" "^9.0.0"

"@sideway/formula@^3.0.0":
  version "3.0.0"
  resolved "https://registry.npmjs.org/@sideway/formula/-/formula-3.0.0.tgz"

"@sideway/pinpoint@^2.0.0":
  version "2.0.0"
  resolved "https://registry.npmjs.org/@sideway/pinpoint/-/pinpoint-2.0.0.tgz"

abort-controller@^3.0.0:
  version "3.0.0"
  resolved "https://registry.npmjs.org/abort-controller/-/abort-controller-3.0.0.tgz"
  dependencies:
    event-target-shim "^5.0.0"

axios@^0.21.1:
  version "0.21.1"
  resolved "https://registry.npmjs.org/axios/-/axios-0.21.1.tgz"
  dependencies:
    follow-redirects "^1.10.0"

bignumber.js@^9.0.1:
  version "9.0.1"
  resolved "https://registry.npmjs.org/bignumber.js/-/bignumber.js-9.0.1.tgz"

biscoint-api-node@^1.2.4:
  version "1.2.4"
  resolved "https://registry.npmjs.org/biscoint-api-node/-/biscoint-api-node-1.2.4.tgz"
  dependencies:
    axios "^0.21.1"
    bignumber.js "^9.0.1"
    crypto-js "^4.0.0"
    joi "^17.4.0"

bottleneck@^2.19.5:
  version "2.19.5"
  resolved "https://registry.npmjs.org/bottleneck/-/bottleneck-2.19.5.tgz"

buffer-alloc-unsafe@^1.1.0:
  version "1.1.0"
  resolved "https://registry.npmjs.org/buffer-alloc-unsafe/-/buffer-alloc-unsafe-1.1.0.tgz"

buffer-alloc@^1.2.0:
  version "1.2.0"
  resolved "https://registry.npmjs.org/buffer-alloc/-/buffer-alloc-1.2.0.tgz"
  dependencies:
    buffer-alloc-unsafe "^1.1.0"
    buffer-fill "^1.0.0"

buffer-fill@^1.0.0:
  version "1.0.0"
  resolved "https://registry.npmjs.org/buffer-fill/-/buffer-fill-1.0.0.tgz"

crypto-js@^4.0.0:
  version "4.0.0"
  resolved "https://registry.npmjs.org/crypto-js/-/crypto-js-4.0.0.tgz"

debug@^4.3.1:
  version "4.3.2"
  resolved "https://registry.npmjs.org/debug/-/debug-4.3.2.tgz"
  dependencies:
    ms "2.1.2"

dotenv@8.2.0:
  version "8.2.0"
  resolved "https://registry.npmjs.org/dotenv/-/dotenv-8.2.0.tgz"

envalid@7.0.0:
  version "7.0.0"
  resolved "https://registry.npmjs.org/envalid/-/envalid-7.0.0.tgz"

esm@^3.2.25:
  version "3.2.25"
  resolved "https://registry.npmjs.org/esm/-/esm-3.2.25.tgz"

event-target-shim@^5.0.0:
  version "5.0.1"
  resolved "https://registry.npmjs.org/event-target-shim/-/event-target-shim-5.0.1.tgz"

follow-redirects@^1.10.0:
  version "1.14.0"
  resolved "https://registry.npmjs.org/follow-redirects/-/follow-redirects-1.14.0.tgz"

joi@^17.4.0:
  version "17.4.0"
  resolved "https://registry.npmjs.org/joi/-/joi-17.4.0.tgz"
  dependencies:
    "@hapi/hoek" "^9.0.0"
    "@hapi/topo" "^5.0.0"
    "@sideway/address" "^4.1.0"
    "@sideway/formula" "^3.0.0"
    "@sideway/pinpoint" "^2.0.0"

minimist@^1.2.5:
  version "1.2.8"
  resolved "https://registry.yarnpkg.com/minimist/-/minimist-1.2.8.tgz#c1a464e7693302e082a075cee0c057741ac4772c"

module-alias@^2.2.2:
  version "2.2.2"
  resolved "https://registry.npmjs.org/module-alias/-/module-alias-2.2.2.tgz"

moment@^2.24.0:
  version "2.29.1"
  resolved "https://registry.npmjs.org/moment/-/moment-2.29.1.tgz"

ms@2.1.2:
  version "2.1.2"
  resolved "https://registry.npmjs.org/ms/-/ms-2.1.2.tgz"

node-fetch@^2.6.1:
  version "2.6.4"
  resolved "https://registry.npmjs.org/node-fetch/-/node-fetch-2.6.4.tgz"
  dependencies:
    whatwg-url "^5.0.0"

p-timeout@^4.1.0:
  version "4.1.0"
  resolved "https://registry.npmjs.org/p-timeout/-/p-timeout-4.1.0.tgz"

safe-compare@^1.1.4:
  version "1.1.4"
  resolved "https://registry.npmjs.org/safe-compare/-/safe-compare-1.1.4.tgz"
  dependencies:
    buffer-alloc "^1.2.0"

sandwich-stream@^2.0.2:
  version "2.0.2"
  resolved "https://registry.npmjs.org/sandwich-stream/-/sandwich-stream-2.0.2.tgz"

telegraf@^4.4.1:
  version "4.4.2"
  resolved "https://registry.npmjs.org/telegraf/-/telegraf-4.4.2.tgz"
  dependencies:
    abort-controller "^3.0.0"
    debug "^4.3.1"
    minimist "^1.2.5"
    module-alias "^2.2.2"
    node-fetch "^2.6.1"
    p-timeout "^4.1.0"
    safe-compare "^1.1.4"
    sandwich-stream "^2.0.2"
    typegram "^3.4.2"

tr46@~0.0.3:
  version "0.0.3"
  resolved "https://registry.npmjs.org/tr46/-/tr46-0.0.3.tgz"

typegram@^3.4.2:
  version "3.4.3"
  resolved "https://registry.npmjs.org/typegram/-/typegram-3.4.3.tgz"

webidl-conversions@^3.0.0:
  version "3.0.1"
  resolved "https://registry.npmjs.org/webidl-conversions/-/webidl-conversions-3.0.1.tgz"

whatwg-url@^5.0.0:
  version "5.0.0"
  resolved "https://registry.npmjs.org/whatwg-url/-/whatwg-url-5.0.0.tgz"
  dependencies:
    tr46 "~0.0.3"
    webidl-conversions "^3.0.0"
